// !$*UTF8*$!
{
	archiveVersion = 1;
	classes = {
	};
	objectVersion = 50;
	objects = {

/* Begin PBXBuildFile section */
		271D9985265D1A4000DE2228 /* AppDelegate.swift in Sources */ = {isa = PBXBuildFile; fileRef = 271D9984265D1A4000DE2228 /* AppDelegate.swift */; };
		271D9987265D1A4000DE2228 /* SceneDelegate.swift in Sources */ = {isa = PBXBuildFile; fileRef = 271D9986265D1A4000DE2228 /* SceneDelegate.swift */; };
		271D9989265D1A4000DE2228 /* ViewController.swift in Sources */ = {isa = PBXBuildFile; fileRef = 271D9988265D1A4000DE2228 /* ViewController.swift */; };
		271D998F265D1A4000DE2228 /* DefinitelyNotAlarmy.xcdatamodeld in Sources */ = {isa = PBXBuildFile; fileRef = 271D998D265D1A4000DE2228 /* DefinitelyNotAlarmy.xcdatamodeld */; };
		271D9991265D1A4100DE2228 /* Assets.xcassets in Resources */ = {isa = PBXBuildFile; fileRef = 271D9990265D1A4100DE2228 /* Assets.xcassets */; };
		271D9994265D1A4100DE2228 /* LaunchScreen.storyboard in Resources */ = {isa = PBXBuildFile; fileRef = 271D9992265D1A4100DE2228 /* LaunchScreen.storyboard */; };
		274FC0D9266AC0F10047323B /* Main.storyboard in Resources */ = {isa = PBXBuildFile; fileRef = 277016F7266AB88000408AE1 /* Main.storyboard */; };
		277016F2266AB75700408AE1 /* AdTableViewCell.swift in Sources */ = {isa = PBXBuildFile; fileRef = 277016F1266AB75700408AE1 /* AdTableViewCell.swift */; };
		277016F4266AB75D00408AE1 /* AlarmTableViewCell.swift in Sources */ = {isa = PBXBuildFile; fileRef = 277016F3266AB75D00408AE1 /* AlarmTableViewCell.swift */; };
		277016F9266AB88300408AE1 /* AlarmScreenViewController.swift in Sources */ = {isa = PBXBuildFile; fileRef = 277016F8266AB88300408AE1 /* AlarmScreenViewController.swift */; };
/* End PBXBuildFile section */

/* Begin PBXFileReference section */
		271D9981265D1A4000DE2228 /* DefinitelyNotAlarmy.app */ = {isa = PBXFileReference; explicitFileType = wrapper.application; includeInIndex = 0; path = DefinitelyNotAlarmy.app; sourceTree = BUILT_PRODUCTS_DIR; };
		271D9984265D1A4000DE2228 /* AppDelegate.swift */ = {isa = PBXFileReference; lastKnownFileType = sourcecode.swift; path = AppDelegate.swift; sourceTree = "<group>"; };
		271D9986265D1A4000DE2228 /* SceneDelegate.swift */ = {isa = PBXFileReference; lastKnownFileType = sourcecode.swift; path = SceneDelegate.swift; sourceTree = "<group>"; };
		271D9988265D1A4000DE2228 /* ViewController.swift */ = {isa = PBXFileReference; lastKnownFileType = sourcecode.swift; path = ViewController.swift; sourceTree = "<group>"; };
		271D998E265D1A4000DE2228 /* DefinitelyNotAlarmy.xcdatamodel */ = {isa = PBXFileReference; lastKnownFileType = wrapper.xcdatamodel; path = DefinitelyNotAlarmy.xcdatamodel; sourceTree = "<group>"; };
		271D9990265D1A4100DE2228 /* Assets.xcassets */ = {isa = PBXFileReference; lastKnownFileType = folder.assetcatalog; path = Assets.xcassets; sourceTree = "<group>"; };
		271D9993265D1A4100DE2228 /* Base */ = {isa = PBXFileReference; lastKnownFileType = file.storyboard; name = Base; path = Base.lproj/LaunchScreen.storyboard; sourceTree = "<group>"; };
		271D9995265D1A4100DE2228 /* Info.plist */ = {isa = PBXFileReference; lastKnownFileType = text.plist.xml; path = Info.plist; sourceTree = "<group>"; };
		277016F1266AB75700408AE1 /* AdTableViewCell.swift */ = {isa = PBXFileReference; lastKnownFileType = sourcecode.swift; name = AdTableViewCell.swift; path = /Users/macloving/Documents/GitHub/DefinitelyNotAlarmy/DefinitelyNotAlarmy/DefinitelyNotAlarmy/AdTableViewCell.swift; sourceTree = "<absolute>"; };
		277016F3266AB75D00408AE1 /* AlarmTableViewCell.swift */ = {isa = PBXFileReference; lastKnownFileType = sourcecode.swift; name = AlarmTableViewCell.swift; path = /Users/macloving/Documents/GitHub/DefinitelyNotAlarmy/DefinitelyNotAlarmy/DefinitelyNotAlarmy/AlarmTableViewCell.swift; sourceTree = "<absolute>"; };
		277016F7266AB88000408AE1 /* Main.storyboard */ = {isa = PBXFileReference; lastKnownFileType = file.storyboard; name = Main.storyboard; path = /Users/macloving/Documents/GitHub/DefinitelyNotAlarmy/DefinitelyNotAlarmy/DefinitelyNotAlarmy/Main.storyboard; sourceTree = "<absolute>"; };
		277016F8266AB88300408AE1 /* AlarmScreenViewController.swift */ = {isa = PBXFileReference; lastKnownFileType = sourcecode.swift; name = AlarmScreenViewController.swift; path = /Users/macloving/Documents/GitHub/DefinitelyNotAlarmy/DefinitelyNotAlarmy/DefinitelyNotAlarmy/AlarmScreenViewController.swift; sourceTree = "<absolute>"; };
/* End PBXFileReference section */

/* Begin PBXFrameworksBuildPhase section */
		271D997E265D1A4000DE2228 /* Frameworks */ = {
			isa = PBXFrameworksBuildPhase;
			buildActionMask = 2147483647;
			files = (
			);
			runOnlyForDeploymentPostprocessing = 0;
		};
/* End PBXFrameworksBuildPhase section */

/* Begin PBXGroup section */
		271D9978265D1A4000DE2228 = {
			isa = PBXGroup;
			children = (
				271D9983265D1A4000DE2228 /* DefinitelyNotAlarmy */,
				271D9982265D1A4000DE2228 /* Products */,
			);
			sourceTree = "<group>";
		};
		271D9982265D1A4000DE2228 /* Products */ = {
			isa = PBXGroup;
			children = (
				271D9981265D1A4000DE2228 /* DefinitelyNotAlarmy.app */,
			);
			name = Products;
			sourceTree = "<group>";
		};
		271D9983265D1A4000DE2228 /* DefinitelyNotAlarmy */ = {
			isa = PBXGroup;
			children = (
				277016F1266AB75700408AE1 /* AdTableViewCell.swift */,
				277016F3266AB75D00408AE1 /* AlarmTableViewCell.swift */,
				277016F8266AB88300408AE1 /* AlarmScreenViewController.swift */,
				277016F7266AB88000408AE1 /* Main.storyboard */,
				590BD65B265D245D000AA807 /* Presentation */,
				590BD65A265D244E000AA807 /* Structure */,
				271D9984265D1A4000DE2228 /* AppDelegate.swift */,
				271D9986265D1A4000DE2228 /* SceneDelegate.swift */,
				271D9988265D1A4000DE2228 /* ViewController.swift */,
				271D9990265D1A4100DE2228 /* Assets.xcassets */,
				271D9992265D1A4100DE2228 /* LaunchScreen.storyboard */,
				271D9995265D1A4100DE2228 /* Info.plist */,
				271D998D265D1A4000DE2228 /* DefinitelyNotAlarmy.xcdatamodeld */,
			);
			path = DefinitelyNotAlarmy;
			sourceTree = "<group>";
		};
		590BD65A265D244E000AA807 /* Structure */ = {
			isa = PBXGroup;
			children = (
				590BD65F265D24E4000AA807 /* Extensions */,
				590BD65E265D24DB000AA807 /* Components */,
			);
			path = Structure;
			sourceTree = "<group>";
		};
		590BD65B265D245D000AA807 /* Presentation */ = {
			isa = PBXGroup;
			children = (
				590BD65C265D249C000AA807 /* Musics */,
			);
			path = Presentation;
			sourceTree = "<group>";
		};
		590BD65C265D249C000AA807 /* Musics */ = {
			isa = PBXGroup;
			children = (
				590BD65D265D24B2000AA807 /* View */,
			);
			path = Musics;
			sourceTree = "<group>";
		};
		590BD65D265D24B2000AA807 /* View */ = {
			isa = PBXGroup;
			children = (
			);
			path = View;
			sourceTree = "<group>";
		};
		590BD65E265D24DB000AA807 /* Components */ = {
			isa = PBXGroup;
			children = (
			);
			path = Components;
			sourceTree = "<group>";
		};
		590BD65F265D24E4000AA807 /* Extensions */ = {
			isa = PBXGroup;
			children = (
			);
			path = Extensions;
			sourceTree = "<group>";
		};
/* End PBXGroup section */

/* Begin PBXNativeTarget section */
		271D9980265D1A4000DE2228 /* DefinitelyNotAlarmy */ = {
			isa = PBXNativeTarget;
			buildConfigurationList = 271D9998265D1A4100DE2228 /* Build configuration list for PBXNativeTarget "DefinitelyNotAlarmy" */;
			buildPhases = (
				271D997D265D1A4000DE2228 /* Sources */,
				271D997E265D1A4000DE2228 /* Frameworks */,
				271D997F265D1A4000DE2228 /* Resources */,
			);
			buildRules = (
			);
			dependencies = (
			);
			name = DefinitelyNotAlarmy;
			productName = DefinitelyNotAlarmy;
			productReference = 271D9981265D1A4000DE2228 /* DefinitelyNotAlarmy.app */;
			productType = "com.apple.product-type.application";
		};
/* End PBXNativeTarget section */

/* Begin PBXProject section */
		271D9979265D1A4000DE2228 /* Project object */ = {
			isa = PBXProject;
			attributes = {
				LastSwiftUpdateCheck = 1250;
				LastUpgradeCheck = 1250;
				TargetAttributes = {
					271D9980265D1A4000DE2228 = {
						CreatedOnToolsVersion = 12.5;
					};
				};
			};
			buildConfigurationList = 271D997C265D1A4000DE2228 /* Build configuration list for PBXProject "DefinitelyNotAlarmy" */;
			compatibilityVersion = "Xcode 9.3";
			developmentRegion = en;
			hasScannedForEncodings = 0;
			knownRegions = (
				en,
				Base,
			);
			mainGroup = 271D9978265D1A4000DE2228;
			productRefGroup = 271D9982265D1A4000DE2228 /* Products */;
			projectDirPath = "";
			projectRoot = "";
			targets = (
				271D9980265D1A4000DE2228 /* DefinitelyNotAlarmy */,
			);
		};
/* End PBXProject section */

/* Begin PBXResourcesBuildPhase section */
		271D997F265D1A4000DE2228 /* Resources */ = {
			isa = PBXResourcesBuildPhase;
			buildActionMask = 2147483647;
			files = (
				274FC0D9266AC0F10047323B /* Main.storyboard in Resources */,
				271D9994265D1A4100DE2228 /* LaunchScreen.storyboard in Resources */,
				271D9991265D1A4100DE2228 /* Assets.xcassets in Resources */,
			);
			runOnlyForDeploymentPostprocessing = 0;
		};
/* End PBXResourcesBuildPhase section */

/* Begin PBXSourcesBuildPhase section */
		271D997D265D1A4000DE2228 /* Sources */ = {
			isa = PBXSourcesBuildPhase;
			buildActionMask = 2147483647;
			files = (
				271D998F265D1A4000DE2228 /* DefinitelyNotAlarmy.xcdatamodeld in Sources */,
				277016F9266AB88300408AE1 /* AlarmScreenViewController.swift in Sources */,
				271D9989265D1A4000DE2228 /* ViewController.swift in Sources */,
				271D9985265D1A4000DE2228 /* AppDelegate.swift in Sources */,
				271D9987265D1A4000DE2228 /* SceneDelegate.swift in Sources */,
				277016F2266AB75700408AE1 /* AdTableViewCell.swift in Sources */,
				277016F4266AB75D00408AE1 /* AlarmTableViewCell.swift in Sources */,
			);
			runOnlyForDeploymentPostprocessing = 0;
		};
/* End PBXSourcesBuildPhase section */

/* Begin PBXVariantGroup section */
		271D9992265D1A4100DE2228 /* LaunchScreen.storyboard */ = {
			isa = PBXVariantGroup;
			children = (
				271D9993265D1A4100DE2228 /* Base */,
			);
			name = LaunchScreen.storyboard;
			sourceTree = "<group>";
		};
/* End PBXVariantGroup section */

/* Begin XCBuildConfiguration section */
		271D9996265D1A4100DE2228 /* Debug */ = {
			isa = XCBuildConfiguration;
			buildSettings = {
				ALWAYS_SEARCH_USER_PATHS = NO;
				CLANG_ANALYZER_NONNULL = YES;
				CLANG_ANALYZER_NUMBER_OBJECT_CONVERSION = YES_AGGRESSIVE;
				CLANG_CXX_LANGUAGE_STANDARD = "gnu++14";
				CLANG_CXX_LIBRARY = "libc++";
				CLANG_ENABLE_MODULES = YES;
				CLANG_ENABLE_OBJC_ARC = YES;
				CLANG_ENABLE_OBJC_WEAK = YES;
				CLANG_WARN_BLOCK_CAPTURE_AUTORELEASING = YES;
				CLANG_WARN_BOOL_CONVERSION = YES;
				CLANG_WARN_COMMA = YES;
				CLANG_WARN_CONSTANT_CONVERSION = YES;
				CLANG_WARN_DEPRECATED_OBJC_IMPLEMENTATIONS = YES;
				CLANG_WARN_DIRECT_OBJC_ISA_USAGE = YES_ERROR;
				CLANG_WARN_DOCUMENTATION_COMMENTS = YES;
				CLANG_WARN_EMPTY_BODY = YES;
				CLANG_WARN_ENUM_CONVERSION = YES;
				CLANG_WARN_INFINITE_RECURSION = YES;
				CLANG_WARN_INT_CONVERSION = YES;
				CLANG_WARN_NON_LITERAL_NULL_CONVERSION = YES;
				CLANG_WARN_OBJC_IMPLICIT_RETAIN_SELF = YES;
				CLANG_WARN_OBJC_LITERAL_CONVERSION = YES;
				CLANG_WARN_OBJC_ROOT_CLASS = YES_ERROR;
				CLANG_WARN_QUOTED_INCLUDE_IN_FRAMEWORK_HEADER = YES;
				CLANG_WARN_RANGE_LOOP_ANALYSIS = YES;
				CLANG_WARN_STRICT_PROTOTYPES = YES;
				CLANG_WARN_SUSPICIOUS_MOVE = YES;
				CLANG_WARN_UNGUARDED_AVAILABILITY = YES_AGGRESSIVE;
				CLANG_WARN_UNREACHABLE_CODE = YES;
				CLANG_WARN__DUPLICATE_METHOD_MATCH = YES;
				COPY_PHASE_STRIP = NO;
				DEBUG_INFORMATION_FORMAT = dwarf;
				ENABLE_STRICT_OBJC_MSGSEND = YES;
				ENABLE_TESTABILITY = YES;
				GCC_C_LANGUAGE_STANDARD = gnu11;
				GCC_DYNAMIC_NO_PIC = NO;
				GCC_NO_COMMON_BLOCKS = YES;
				GCC_OPTIMIZATION_LEVEL = 0;
				GCC_PREPROCESSOR_DEFINITIONS = (
					"DEBUG=1",
					"$(inherited)",
				);
				GCC_WARN_64_TO_32_BIT_CONVERSION = YES;
				GCC_WARN_ABOUT_RETURN_TYPE = YES_ERROR;
				GCC_WARN_UNDECLARED_SELECTOR = YES;
				GCC_WARN_UNINITIALIZED_AUTOS = YES_AGGRESSIVE;
				GCC_WARN_UNUSED_FUNCTION = YES;
				GCC_WARN_UNUSED_VARIABLE = YES;
				IPHONEOS_DEPLOYMENT_TARGET = 14.5;
				MTL_ENABLE_DEBUG_INFO = INCLUDE_SOURCE;
				MTL_FAST_MATH = YES;
				ONLY_ACTIVE_ARCH = YES;
				SDKROOT = iphoneos;
				SWIFT_ACTIVE_COMPILATION_CONDITIONS = DEBUG;
				SWIFT_OPTIMIZATION_LEVEL = "-Onone";
			};
			name = Debug;
		};
		271D9997265D1A4100DE2228 /* Release */ = {
			isa = XCBuildConfiguration;
			buildSettings = {
				ALWAYS_SEARCH_USER_PATHS = NO;
				CLANG_ANALYZER_NONNULL = YES;
				CLANG_ANALYZER_NUMBER_OBJECT_CONVERSION = YES_AGGRESSIVE;
				CLANG_CXX_LANGUAGE_STANDARD = "gnu++14";
				CLANG_CXX_LIBRARY = "libc++";
				CLANG_ENABLE_MODULES = YES;
				CLANG_ENABLE_OBJC_ARC = YES;
				CLANG_ENABLE_OBJC_WEAK = YES;
				CLANG_WARN_BLOCK_CAPTURE_AUTORELEASING = YES;
				CLANG_WARN_BOOL_CONVERSION = YES;
				CLANG_WARN_COMMA = YES;
				CLANG_WARN_CONSTANT_CONVERSION = YES;
				CLANG_WARN_DEPRECATED_OBJC_IMPLEMENTATIONS = YES;
				CLANG_WARN_DIRECT_OBJC_ISA_USAGE = YES_ERROR;
				CLANG_WARN_DOCUMENTATION_COMMENTS = YES;
				CLANG_WARN_EMPTY_BODY = YES;
				CLANG_WARN_ENUM_CONVERSION = YES;
				CLANG_WARN_INFINITE_RECURSION = YES;
				CLANG_WARN_INT_CONVERSION = YES;
				CLANG_WARN_NON_LITERAL_NULL_CONVERSION = YES;
				CLANG_WARN_OBJC_IMPLICIT_RETAIN_SELF = YES;
				CLANG_WARN_OBJC_LITERAL_CONVERSION = YES;
				CLANG_WARN_OBJC_ROOT_CLASS = YES_ERROR;
				CLANG_WARN_QUOTED_INCLUDE_IN_FRAMEWORK_HEADER = YES;
				CLANG_WARN_RANGE_LOOP_ANALYSIS = YES;
				CLANG_WARN_STRICT_PROTOTYPES = YES;
				CLANG_WARN_SUSPICIOUS_MOVE = YES;
				CLANG_WARN_UNGUARDED_AVAILABILITY = YES_AGGRESSIVE;
				CLANG_WARN_UNREACHABLE_CODE = YES;
				CLANG_WARN__DUPLICATE_METHOD_MATCH = YES;
				COPY_PHASE_STRIP = NO;
				DEBUG_INFORMATION_FORMAT = "dwarf-with-dsym";
				ENABLE_NS_ASSERTIONS = NO;
				ENABLE_STRICT_OBJC_MSGSEND = YES;
				GCC_C_LANGUAGE_STANDARD = gnu11;
				GCC_NO_COMMON_BLOCKS = YES;
				GCC_WARN_64_TO_32_BIT_CONVERSION = YES;
				GCC_WARN_ABOUT_RETURN_TYPE = YES_ERROR;
				GCC_WARN_UNDECLARED_SELECTOR = YES;
				GCC_WARN_UNINITIALIZED_AUTOS = YES_AGGRESSIVE;
				GCC_WARN_UNUSED_FUNCTION = YES;
				GCC_WARN_UNUSED_VARIABLE = YES;
				IPHONEOS_DEPLOYMENT_TARGET = 14.5;
				MTL_ENABLE_DEBUG_INFO = NO;
				MTL_FAST_MATH = YES;
				SDKROOT = iphoneos;
				SWIFT_COMPILATION_MODE = wholemodule;
				SWIFT_OPTIMIZATION_LEVEL = "-O";
				VALIDATE_PRODUCT = YES;
			};
			name = Release;
		};
		271D9999265D1A4100DE2228 /* Debug */ = {
			isa = XCBuildConfiguration;
			buildSettings = {
				ASSETCATALOG_COMPILER_APPICON_NAME = AppIcon;
				ASSETCATALOG_COMPILER_GLOBAL_ACCENT_COLOR_NAME = AccentColor;
				CODE_SIGN_STYLE = Automatic;
				INFOPLIST_FILE = DefinitelyNotAlarmy/Info.plist;
				LD_RUNPATH_SEARCH_PATHS = (
					"$(inherited)",
					"@executable_path/Frameworks",
				);
				PRODUCT_BUNDLE_IDENTIFIER = com.DefinitelyNotAlarmy;
				PRODUCT_NAME = "$(TARGET_NAME)";
				SWIFT_VERSION = 5.0;
				TARGETED_DEVICE_FAMILY = 1;
			};
			name = Debug;
		};
		271D999A265D1A4100DE2228 /* Release */ = {
			isa = XCBuildConfiguration;
			buildSettings = {
				ASSETCATALOG_COMPILER_APPICON_NAME = AppIcon;
				ASSETCATALOG_COMPILER_GLOBAL_ACCENT_COLOR_NAME = AccentColor;
				CODE_SIGN_STYLE = Automatic;
				INFOPLIST_FILE = DefinitelyNotAlarmy/Info.plist;
				LD_RUNPATH_SEARCH_PATHS = (
					"$(inherited)",
					"@executable_path/Frameworks",
				);
				PRODUCT_BUNDLE_IDENTIFIER = com.DefinitelyNotAlarmy;
				PRODUCT_NAME = "$(TARGET_NAME)";
				SWIFT_VERSION = 5.0;
				TARGETED_DEVICE_FAMILY = 1;
			};
			name = Release;
		};
/* End XCBuildConfiguration section */

/* Begin XCConfigurationList section */
		271D997C265D1A4000DE2228 /* Build configuration list for PBXProject "DefinitelyNotAlarmy" */ = {
			isa = XCConfigurationList;
			buildConfigurations = (
				271D9996265D1A4100DE2228 /* Debug */,
				271D9997265D1A4100DE2228 /* Release */,
			);
			defaultConfigurationIsVisible = 0;
			defaultConfigurationName = Release;
		};
		271D9998265D1A4100DE2228 /* Build configuration list for PBXNativeTarget "DefinitelyNotAlarmy" */ = {
			isa = XCConfigurationList;
			buildConfigurations = (
				271D9999265D1A4100DE2228 /* Debug */,
				271D999A265D1A4100DE2228 /* Release */,
			);
			defaultConfigurationIsVisible = 0;
			defaultConfigurationName = Release;
		};
/* End XCConfigurationList section */

/* Begin XCVersionGroup section */
		271D998D265D1A4000DE2228 /* DefinitelyNotAlarmy.xcdatamodeld */ = {
			isa = XCVersionGroup;
			children = (
				271D998E265D1A4000DE2228 /* DefinitelyNotAlarmy.xcdatamodel */,
			);
			currentVersion = 271D998E265D1A4000DE2228 /* DefinitelyNotAlarmy.xcdatamodel */;
			path = DefinitelyNotAlarmy.xcdatamodeld;
			sourceTree = "<group>";
			versionGroupType = wrapper.xcdatamodel;
		};
/* End XCVersionGroup section */
	};
	rootObject = 271D9979265D1A4000DE2228 /* Project object */;
}
